{
  "pins" : [
    {
      "identity" : "audiokit",
      "kind" : "remoteSourceControl",
      "location" : "https://github.com/AudioKit/AudioKit.git",
      "state" : {
        "revision" : "2ebd422855e4645d3169f83d1765d1c8196b4f46",
        "version" : "5.6.4"
      }
    },
    {
      "identity" : "flow",
      "kind" : "remoteSourceControl",
      "location" : "https://github.com/AudioKit/Flow.git",
      "state" : {
        "revision" : "c2195aff3772a405655c08f22eb2aafbd77c27af",
        "version" : "1.0.4"
      }
    }
  ],
  "version" : 2
}
