// !$*UTF8*$!
{
	archiveVersion = 1;
	classes = {
	};
	objectVersion = 56;
	objects = {

/* Begin PBXBuildFile section */
		31048C262BE2DB9B00EDE049 /* AudioXtremeApp.swift in Sources */ = {isa = PBXBuildFile; fileRef = 31048C252BE2DB9B00EDE049 /* AudioXtremeApp.swift */; };
		31048C282BE2DB9B00EDE049 /* ContentView.swift in Sources */ = {isa = PBXBuildFile; fileRef = 31048C272BE2DB9B00EDE049 /* ContentView.swift */; };
		31048C2A2BE2DB9B00EDE049 /* Item.swift in Sources */ = {isa = PBXBuildFile; fileRef = 31048C292BE2DB9B00EDE049 /* Item.swift */; };
		31048C2C2BE2DB9D00EDE049 /* Assets.xcassets in Resources */ = {isa = PBXBuildFile; fileRef = 31048C2B2BE2DB9D00EDE049 /* Assets.xcassets */; };
		31048C302BE2DB9D00EDE049 /* Preview Assets.xcassets in Resources */ = {isa = PBXBuildFile; fileRef = 31048C2F2BE2DB9D00EDE049 /* Preview Assets.xcassets */; };
		31048C3A2BE2DB9D00EDE049 /* AudioXtremeTests.swift in Sources */ = {isa = PBXBuildFile; fileRef = 31048C392BE2DB9D00EDE049 /* AudioXtremeTests.swift */; };
		31048C442BE2DB9D00EDE049 /* AudioXtremeUITests.swift in Sources */ = {isa = PBXBuildFile; fileRef = 31048C432BE2DB9D00EDE049 /* AudioXtremeUITests.swift */; };
		31048C462BE2DB9D00EDE049 /* AudioXtremeUITestsLaunchTests.swift in Sources */ = {isa = PBXBuildFile; fileRef = 31048C452BE2DB9D00EDE049 /* AudioXtremeUITestsLaunchTests.swift */; };
		31048C542BE2DCAF00EDE049 /* AudioKit in Frameworks */ = {isa = PBXBuildFile; productRef = 31048C532BE2DCAF00EDE049 /* AudioKit */; };
		31048C572BE2DCBC00EDE049 /* Flow in Frameworks */ = {isa = PBXBuildFile; productRef = 31048C562BE2DCBC00EDE049 /* Flow */; };
/* End PBXBuildFile section */

/* Begin PBXContainerItemProxy section */
		31048C362BE2DB9D00EDE049 /* PBXContainerItemProxy */ = {
			isa = PBXContainerItemProxy;
			containerPortal = 31048C1A2BE2DB9B00EDE049 /* Project object */;
			proxyType = 1;
			remoteGlobalIDString = 31048C212BE2DB9B00EDE049;
			remoteInfo = AudioXtreme;
		};
		31048C402BE2DB9D00EDE049 /* PBXContainerItemProxy */ = {
			isa = PBXContainerItemProxy;
			containerPortal = 31048C1A2BE2DB9B00EDE049 /* Project object */;
			proxyType = 1;
			remoteGlobalIDString = 31048C212BE2DB9B00EDE049;
			remoteInfo = AudioXtreme;
		};
/* End PBXContainerItemProxy section */

/* Begin PBXFileReference section */
		31048C222BE2DB9B00EDE049 /* AudioXtreme.app */ = {isa = PBXFileReference; explicitFileType = wrapper.application; includeInIndex = 0; path = AudioXtreme.app; sourceTree = BUILT_PRODUCTS_DIR; };
		31048C252BE2DB9B00EDE049 /* AudioXtremeApp.swift */ = {isa = PBXFileReference; lastKnownFileType = sourcecode.swift; path = AudioXtremeApp.swift; sourceTree = "<group>"; };
		31048C272BE2DB9B00EDE049 /* ContentView.swift */ = {isa = PBXFileReference; lastKnownFileType = sourcecode.swift; path = ContentView.swift; sourceTree = "<group>"; };
		31048C292BE2DB9B00EDE049 /* Item.swift */ = {isa = PBXFileReference; lastKnownFileType = sourcecode.swift; path = Item.swift; sourceTree = "<group>"; };
		31048C2B2BE2DB9D00EDE049 /* Assets.xcassets */ = {isa = PBXFileReference; lastKnownFileType = folder.assetcatalog; path = Assets.xcassets; sourceTree = "<group>"; };
		31048C2D2BE2DB9D00EDE049 /* AudioXtreme.entitlements */ = {isa = PBXFileReference; lastKnownFileType = text.plist.entitlements; path = AudioXtreme.entitlements; sourceTree = "<group>"; };
		31048C2F2BE2DB9D00EDE049 /* Preview Assets.xcassets */ = {isa = PBXFileReference; lastKnownFileType = folder.assetcatalog; path = "Preview Assets.xcassets"; sourceTree = "<group>"; };
		31048C352BE2DB9D00EDE049 /* AudioXtremeTests.xctest */ = {isa = PBXFileReference; explicitFileType = wrapper.cfbundle; includeInIndex = 0; path = AudioXtremeTests.xctest; sourceTree = BUILT_PRODUCTS_DIR; };
		31048C392BE2DB9D00EDE049 /* AudioXtremeTests.swift */ = {isa = PBXFileReference; lastKnownFileType = sourcecode.swift; path = AudioXtremeTests.swift; sourceTree = "<group>"; };
		31048C3F2BE2DB9D00EDE049 /* AudioXtremeUITests.xctest */ = {isa = PBXFileReference; explicitFileType = wrapper.cfbundle; includeInIndex = 0; path = AudioXtremeUITests.xctest; sourceTree = BUILT_PRODUCTS_DIR; };
		31048C432BE2DB9D00EDE049 /* AudioXtremeUITests.swift */ = {isa = PBXFileReference; lastKnownFileType = sourcecode.swift; path = AudioXtremeUITests.swift; sourceTree = "<group>"; };
		31048C452BE2DB9D00EDE049 /* AudioXtremeUITestsLaunchTests.swift */ = {isa = PBXFileReference; lastKnownFileType = sourcecode.swift; path = AudioXtremeUITestsLaunchTests.swift; sourceTree = "<group>"; };
/* End PBXFileReference section */

/* Begin PBXFrameworksBuildPhase section */
		31048C1F2BE2DB9B00EDE049 /* Frameworks */ = {
			isa = PBXFrameworksBuildPhase;
			buildActionMask = 2147483647;
			files = (
				31048C572BE2DCBC00EDE049 /* Flow in Frameworks */,
				31048C542BE2DCAF00EDE049 /* AudioKit in Frameworks */,
			);
			runOnlyForDeploymentPostprocessing = 0;
		};
		31048C322BE2DB9D00EDE049 /* Frameworks */ = {
			isa = PBXFrameworksBuildPhase;
			buildActionMask = 2147483647;
			files = (
			);
			runOnlyForDeploymentPostprocessing = 0;
		};
		31048C3C2BE2DB9D00EDE049 /* Frameworks */ = {
			isa = PBXFrameworksBuildPhase;
			buildActionMask = 2147483647;
			files = (
			);
			runOnlyForDeploymentPostprocessing = 0;
		};
/* End PBXFrameworksBuildPhase section */

/* Begin PBXGroup section */
		31048C192BE2DB9B00EDE049 = {
			isa = PBXGroup;
			children = (
				31048C242BE2DB9B00EDE049 /* AudioXtreme */,
				31048C382BE2DB9D00EDE049 /* AudioXtremeTests */,
				31048C422BE2DB9D00EDE049 /* AudioXtremeUITests */,
				31048C232BE2DB9B00EDE049 /* Products */,
			);
			sourceTree = "<group>";
		};
		31048C232BE2DB9B00EDE049 /* Products */ = {
			isa = PBXGroup;
			children = (
				31048C222BE2DB9B00EDE049 /* AudioXtreme.app */,
				31048C352BE2DB9D00EDE049 /* AudioXtremeTests.xctest */,
				31048C3F2BE2DB9D00EDE049 /* AudioXtremeUITests.xctest */,
			);
			name = Products;
			sourceTree = "<group>";
		};
		31048C242BE2DB9B00EDE049 /* AudioXtreme */ = {
			isa = PBXGroup;
			children = (
				31048C252BE2DB9B00EDE049 /* AudioXtremeApp.swift */,
				31048C272BE2DB9B00EDE049 /* ContentView.swift */,
				31048C292BE2DB9B00EDE049 /* Item.swift */,
				31048C2B2BE2DB9D00EDE049 /* Assets.xcassets */,
				31048C2D2BE2DB9D00EDE049 /* AudioXtreme.entitlements */,
				31048C2E2BE2DB9D00EDE049 /* Preview Content */,
			);
			path = AudioXtreme;
			sourceTree = "<group>";
		};
		31048C2E2BE2DB9D00EDE049 /* Preview Content */ = {
			isa = PBXGroup;
			children = (
				31048C2F2BE2DB9D00EDE049 /* Preview Assets.xcassets */,
			);
			path = "Preview Content";
			sourceTree = "<group>";
		};
		31048C382BE2DB9D00EDE049 /* AudioXtremeTests */ = {
			isa = PBXGroup;
			children = (
				31048C392BE2DB9D00EDE049 /* AudioXtremeTests.swift */,
			);
			path = AudioXtremeTests;
			sourceTree = "<group>";
		};
		31048C422BE2DB9D00EDE049 /* AudioXtremeUITests */ = {
			isa = PBXGroup;
			children = (
				31048C432BE2DB9D00EDE049 /* AudioXtremeUITests.swift */,
				31048C452BE2DB9D00EDE049 /* AudioXtremeUITestsLaunchTests.swift */,
			);
			path = AudioXtremeUITests;
			sourceTree = "<group>";
		};
/* End PBXGroup section */

/* Begin PBXNativeTarget section */
		31048C212BE2DB9B00EDE049 /* AudioXtreme */ = {
			isa = PBXNativeTarget;
			buildConfigurationList = 31048C492BE2DB9D00EDE049 /* Build configuration list for PBXNativeTarget "AudioXtreme" */;
			buildPhases = (
				31048C1E2BE2DB9B00EDE049 /* Sources */,
				31048C1F2BE2DB9B00EDE049 /* Frameworks */,
				31048C202BE2DB9B00EDE049 /* Resources */,
			);
			buildRules = (
			);
			dependencies = (
			);
			name = AudioXtreme;
			packageProductDependencies = (
				31048C532BE2DCAF00EDE049 /* AudioKit */,
				31048C562BE2DCBC00EDE049 /* Flow */,
			);
			productName = AudioXtreme;
			productReference = 31048C222BE2DB9B00EDE049 /* AudioXtreme.app */;
			productType = "com.apple.product-type.application";
		};
		31048C342BE2DB9D00EDE049 /* AudioXtremeTests */ = {
			isa = PBXNativeTarget;
			buildConfigurationList = 31048C4C2BE2DB9D00EDE049 /* Build configuration list for PBXNativeTarget "AudioXtremeTests" */;
			buildPhases = (
				31048C312BE2DB9D00EDE049 /* Sources */,
				31048C322BE2DB9D00EDE049 /* Frameworks */,
				31048C332BE2DB9D00EDE049 /* Resources */,
			);
			buildRules = (
			);
			dependencies = (
				31048C372BE2DB9D00EDE049 /* PBXTargetDependency */,
			);
			name = AudioXtremeTests;
			productName = AudioXtremeTests;
			productReference = 31048C352BE2DB9D00EDE049 /* AudioXtremeTests.xctest */;
			productType = "com.apple.product-type.bundle.unit-test";
		};
		31048C3E2BE2DB9D00EDE049 /* AudioXtremeUITests */ = {
			isa = PBXNativeTarget;
			buildConfigurationList = 31048C4F2BE2DB9D00EDE049 /* Build configuration list for PBXNativeTarget "AudioXtremeUITests" */;
			buildPhases = (
				31048C3B2BE2DB9D00EDE049 /* Sources */,
				31048C3C2BE2DB9D00EDE049 /* Frameworks */,
				31048C3D2BE2DB9D00EDE049 /* Resources */,
			);
			buildRules = (
			);
			dependencies = (
				31048C412BE2DB9D00EDE049 /* PBXTargetDependency */,
			);
			name = AudioXtremeUITests;
			productName = AudioXtremeUITests;
			productReference = 31048C3F2BE2DB9D00EDE049 /* AudioXtremeUITests.xctest */;
			productType = "com.apple.product-type.bundle.ui-testing";
		};
/* End PBXNativeTarget section */

/* Begin PBXProject section */
		31048C1A2BE2DB9B00EDE049 /* Project object */ = {
			isa = PBXProject;
			attributes = {
				BuildIndependentTargetsInParallel = 1;
				LastSwiftUpdateCheck = 1520;
				LastUpgradeCheck = 1520;
				TargetAttributes = {
					31048C212BE2DB9B00EDE049 = {
						CreatedOnToolsVersion = 15.2;
					};
					31048C342BE2DB9D00EDE049 = {
						CreatedOnToolsVersion = 15.2;
						TestTargetID = 31048C212BE2DB9B00EDE049;
					};
					31048C3E2BE2DB9D00EDE049 = {
						CreatedOnToolsVersion = 15.2;
						TestTargetID = 31048C212BE2DB9B00EDE049;
					};
				};
			};
			buildConfigurationList = 31048C1D2BE2DB9B00EDE049 /* Build configuration list for PBXProject "AudioXtreme" */;
			compatibilityVersion = "Xcode 14.0";
			developmentRegion = en;
			hasScannedForEncodings = 0;
			knownRegions = (
				en,
				Base,
			);
			mainGroup = 31048C192BE2DB9B00EDE049;
			packageReferences = (
				31048C522BE2DCAF00EDE049 /* XCRemoteSwiftPackageReference "AudioKit" */,
				31048C552BE2DCBC00EDE049 /* XCRemoteSwiftPackageReference "Flow" */,
			);
			productRefGroup = 31048C232BE2DB9B00EDE049 /* Products */;
			projectDirPath = "";
			projectRoot = "";
			targets = (
				31048C212BE2DB9B00EDE049 /* AudioXtreme */,
				31048C342BE2DB9D00EDE049 /* AudioXtremeTests */,
				31048C3E2BE2DB9D00EDE049 /* AudioXtremeUITests */,
			);
		};
/* End PBXProject section */

/* Begin PBXResourcesBuildPhase section */
		31048C202BE2DB9B00EDE049 /* Resources */ = {
			isa = PBXResourcesBuildPhase;
			buildActionMask = 2147483647;
			files = (
				31048C302BE2DB9D00EDE049 /* Preview Assets.xcassets in Resources */,
				31048C2C2BE2DB9D00EDE049 /* Assets.xcassets in Resources */,
			);
			runOnlyForDeploymentPostprocessing = 0;
		};
		31048C332BE2DB9D00EDE049 /* Resources */ = {
			isa = PBXResourcesBuildPhase;
			buildActionMask = 2147483647;
			files = (
			);
			runOnlyForDeploymentPostprocessing = 0;
		};
		31048C3D2BE2DB9D00EDE049 /* Resources */ = {
			isa = PBXResourcesBuildPhase;
			buildActionMask = 2147483647;
			files = (
			);
			runOnlyForDeploymentPostprocessing = 0;
		};
/* End PBXResourcesBuildPhase section */

/* Begin PBXSourcesBuildPhase section */
		31048C1E2BE2DB9B00EDE049 /* Sources */ = {
			isa = PBXSourcesBuildPhase;
			buildActionMask = 2147483647;
			files = (
				31048C282BE2DB9B00EDE049 /* ContentView.swift in Sources */,
				31048C2A2BE2DB9B00EDE049 /* Item.swift in Sources */,
				31048C262BE2DB9B00EDE049 /* AudioXtremeApp.swift in Sources */,
			);
			runOnlyForDeploymentPostprocessing = 0;
		};
		31048C312BE2DB9D00EDE049 /* Sources */ = {
			isa = PBXSourcesBuildPhase;
			buildActionMask = 2147483647;
			files = (
				31048C3A2BE2DB9D00EDE049 /* AudioXtremeTests.swift in Sources */,
			);
			runOnlyForDeploymentPostprocessing = 0;
		};
		31048C3B2BE2DB9D00EDE049 /* Sources */ = {
			isa = PBXSourcesBuildPhase;
			buildActionMask = 2147483647;
			files = (
				31048C462BE2DB9D00EDE049 /* AudioXtremeUITestsLaunchTests.swift in Sources */,
				31048C442BE2DB9D00EDE049 /* AudioXtremeUITests.swift in Sources */,
			);
			runOnlyForDeploymentPostprocessing = 0;
		};
/* End PBXSourcesBuildPhase section */

/* Begin PBXTargetDependency section */
		31048C372BE2DB9D00EDE049 /* PBXTargetDependency */ = {
			isa = PBXTargetDependency;
			target = 31048C212BE2DB9B00EDE049 /* AudioXtreme */;
			targetProxy = 31048C362BE2DB9D00EDE049 /* PBXContainerItemProxy */;
		};
		31048C412BE2DB9D00EDE049 /* PBXTargetDependency */ = {
			isa = PBXTargetDependency;
			target = 31048C212BE2DB9B00EDE049 /* AudioXtreme */;
			targetProxy = 31048C402BE2DB9D00EDE049 /* PBXContainerItemProxy */;
		};
/* End PBXTargetDependency section */

/* Begin XCBuildConfiguration section */
		31048C472BE2DB9D00EDE049 /* Debug */ = {
			isa = XCBuildConfiguration;
			buildSettings = {
				ALWAYS_SEARCH_USER_PATHS = NO;
				ASSETCATALOG_COMPILER_GENERATE_SWIFT_ASSET_SYMBOL_EXTENSIONS = YES;
				CLANG_ANALYZER_NONNULL = YES;
				CLANG_ANALYZER_NUMBER_OBJECT_CONVERSION = YES_AGGRESSIVE;
				CLANG_CXX_LANGUAGE_STANDARD = "gnu++20";
				CLANG_ENABLE_MODULES = YES;
				CLANG_ENABLE_OBJC_ARC = YES;
				CLANG_ENABLE_OBJC_WEAK = YES;
				CLANG_WARN_BLOCK_CAPTURE_AUTORELEASING = YES;
				CLANG_WARN_BOOL_CONVERSION = YES;
				CLANG_WARN_COMMA = YES;
				CLANG_WARN_CONSTANT_CONVERSION = YES;
				CLANG_WARN_DEPRECATED_OBJC_IMPLEMENTATIONS = YES;
				CLANG_WARN_DIRECT_OBJC_ISA_USAGE = YES_ERROR;
				CLANG_WARN_DOCUMENTATION_COMMENTS = YES;
				CLANG_WARN_EMPTY_BODY = YES;
				CLANG_WARN_ENUM_CONVERSION = YES;
				CLANG_WARN_INFINITE_RECURSION = YES;
				CLANG_WARN_INT_CONVERSION = YES;
				CLANG_WARN_NON_LITERAL_NULL_CONVERSION = YES;
				CLANG_WARN_OBJC_IMPLICIT_RETAIN_SELF = YES;
				CLANG_WARN_OBJC_LITERAL_CONVERSION = YES;
				CLANG_WARN_OBJC_ROOT_CLASS = YES_ERROR;
				CLANG_WARN_QUOTED_INCLUDE_IN_FRAMEWORK_HEADER = YES;
				CLANG_WARN_RANGE_LOOP_ANALYSIS = YES;
				CLANG_WARN_STRICT_PROTOTYPES = YES;
				CLANG_WARN_SUSPICIOUS_MOVE = YES;
				CLANG_WARN_UNGUARDED_AVAILABILITY = YES_AGGRESSIVE;
				CLANG_WARN_UNREACHABLE_CODE = YES;
				CLANG_WARN__DUPLICATE_METHOD_MATCH = YES;
				COPY_PHASE_STRIP = NO;
				DEBUG_INFORMATION_FORMAT = dwarf;
				ENABLE_STRICT_OBJC_MSGSEND = YES;
				ENABLE_TESTABILITY = YES;
				ENABLE_USER_SCRIPT_SANDBOXING = YES;
				GCC_C_LANGUAGE_STANDARD = gnu17;
				GCC_DYNAMIC_NO_PIC = NO;
				GCC_NO_COMMON_BLOCKS = YES;
				GCC_OPTIMIZATION_LEVEL = 0;
				GCC_PREPROCESSOR_DEFINITIONS = (
					"DEBUG=1",
					"$(inherited)",
				);
				GCC_WARN_64_TO_32_BIT_CONVERSION = YES;
				GCC_WARN_ABOUT_RETURN_TYPE = YES_ERROR;
				GCC_WARN_UNDECLARED_SELECTOR = YES;
				GCC_WARN_UNINITIALIZED_AUTOS = YES_AGGRESSIVE;
				GCC_WARN_UNUSED_FUNCTION = YES;
				GCC_WARN_UNUSED_VARIABLE = YES;
				LOCALIZATION_PREFERS_STRING_CATALOGS = YES;
				MACOSX_DEPLOYMENT_TARGET = 13.0;
				MTL_ENABLE_DEBUG_INFO = INCLUDE_SOURCE;
				MTL_FAST_MATH = YES;
				ONLY_ACTIVE_ARCH = YES;
				SWIFT_ACTIVE_COMPILATION_CONDITIONS = "DEBUG $(inherited)";
				SWIFT_OPTIMIZATION_LEVEL = "-Onone";
			};
			name = Debug;
		};
		31048C482BE2DB9D00EDE049 /* Release */ = {
			isa = XCBuildConfiguration;
			buildSettings = {
				ALWAYS_SEARCH_USER_PATHS = NO;
				ASSETCATALOG_COMPILER_GENERATE_SWIFT_ASSET_SYMBOL_EXTENSIONS = YES;
				CLANG_ANALYZER_NONNULL = YES;
				CLANG_ANALYZER_NUMBER_OBJECT_CONVERSION = YES_AGGRESSIVE;
				CLANG_CXX_LANGUAGE_STANDARD = "gnu++20";
				CLANG_ENABLE_MODULES = YES;
				CLANG_ENABLE_OBJC_ARC = YES;
				CLANG_ENABLE_OBJC_WEAK = YES;
				CLANG_WARN_BLOCK_CAPTURE_AUTORELEASING = YES;
				CLANG_WARN_BOOL_CONVERSION = YES;
				CLANG_WARN_COMMA = YES;
				CLANG_WARN_CONSTANT_CONVERSION = YES;
				CLANG_WARN_DEPRECATED_OBJC_IMPLEMENTATIONS = YES;
				CLANG_WARN_DIRECT_OBJC_ISA_USAGE = YES_ERROR;
				CLANG_WARN_DOCUMENTATION_COMMENTS = YES;
				CLANG_WARN_EMPTY_BODY = YES;
				CLANG_WARN_ENUM_CONVERSION = YES;
				CLANG_WARN_INFINITE_RECURSION = YES;
				CLANG_WARN_INT_CONVERSION = YES;
				CLANG_WARN_NON_LITERAL_NULL_CONVERSION = YES;
				CLANG_WARN_OBJC_IMPLICIT_RETAIN_SELF = YES;
				CLANG_WARN_OBJC_LITERAL_CONVERSION = YES;
				CLANG_WARN_OBJC_ROOT_CLASS = YES_ERROR;
				CLANG_WARN_QUOTED_INCLUDE_IN_FRAMEWORK_HEADER = YES;
				CLANG_WARN_RANGE_LOOP_ANALYSIS = YES;
				CLANG_WARN_STRICT_PROTOTYPES = YES;
				CLANG_WARN_SUSPICIOUS_MOVE = YES;
				CLANG_WARN_UNGUARDED_AVAILABILITY = YES_AGGRESSIVE;
				CLANG_WARN_UNREACHABLE_CODE = YES;
				CLANG_WARN__DUPLICATE_METHOD_MATCH = YES;
				COPY_PHASE_STRIP = NO;
				DEBUG_INFORMATION_FORMAT = "dwarf-with-dsym";
				ENABLE_NS_ASSERTIONS = NO;
				ENABLE_STRICT_OBJC_MSGSEND = YES;
				ENABLE_USER_SCRIPT_SANDBOXING = YES;
				GCC_C_LANGUAGE_STANDARD = gnu17;
				GCC_NO_COMMON_BLOCKS = YES;
				GCC_WARN_64_TO_32_BIT_CONVERSION = YES;
				GCC_WARN_ABOUT_RETURN_TYPE = YES_ERROR;
				GCC_WARN_UNDECLARED_SELECTOR = YES;
				GCC_WARN_UNINITIALIZED_AUTOS = YES_AGGRESSIVE;
				GCC_WARN_UNUSED_FUNCTION = YES;
				GCC_WARN_UNUSED_VARIABLE = YES;
				LOCALIZATION_PREFERS_STRING_CATALOGS = YES;
				MACOSX_DEPLOYMENT_TARGET = 13.0;
				MTL_ENABLE_DEBUG_INFO = NO;
				MTL_FAST_MATH = YES;
				SWIFT_COMPILATION_MODE = wholemodule;
			};
			name = Release;
		};
		31048C4A2BE2DB9D00EDE049 /* Debug */ = {
			isa = XCBuildConfiguration;
			buildSettings = {
				ASSETCATALOG_COMPILER_APPICON_NAME = AppIcon;
				ASSETCATALOG_COMPILER_GLOBAL_ACCENT_COLOR_NAME = AccentColor;
				CODE_SIGN_ENTITLEMENTS = AudioXtreme/AudioXtreme.entitlements;
				CODE_SIGN_STYLE = Automatic;
				CURRENT_PROJECT_VERSION = 1;
				DEVELOPMENT_ASSET_PATHS = "\"AudioXtreme/Preview Content\"";
				DEVELOPMENT_TEAM = FDXQ3T4Y24;
				ENABLE_HARDENED_RUNTIME = YES;
				ENABLE_PREVIEWS = YES;
				GENERATE_INFOPLIST_FILE = YES;
				"INFOPLIST_KEY_UIApplicationSceneManifest_Generation[sdk=iphoneos*]" = YES;
				"INFOPLIST_KEY_UIApplicationSceneManifest_Generation[sdk=iphonesimulator*]" = YES;
				"INFOPLIST_KEY_UIApplicationSupportsIndirectInputEvents[sdk=iphoneos*]" = YES;
				"INFOPLIST_KEY_UIApplicationSupportsIndirectInputEvents[sdk=iphonesimulator*]" = YES;
				"INFOPLIST_KEY_UILaunchScreen_Generation[sdk=iphoneos*]" = YES;
				"INFOPLIST_KEY_UILaunchScreen_Generation[sdk=iphonesimulator*]" = YES;
				"INFOPLIST_KEY_UIStatusBarStyle[sdk=iphoneos*]" = UIStatusBarStyleDefault;
				"INFOPLIST_KEY_UIStatusBarStyle[sdk=iphonesimulator*]" = UIStatusBarStyleDefault;
				INFOPLIST_KEY_UISupportedInterfaceOrientations_iPad = "UIInterfaceOrientationPortrait UIInterfaceOrientationPortraitUpsideDown UIInterfaceOrientationLandscapeLeft UIInterfaceOrientationLandscapeRight";
				INFOPLIST_KEY_UISupportedInterfaceOrientations_iPhone = "UIInterfaceOrientationPortrait UIInterfaceOrientationLandscapeLeft UIInterfaceOrientationLandscapeRight";
				IPHONEOS_DEPLOYMENT_TARGET = 17.0;
				LD_RUNPATH_SEARCH_PATHS = "@executable_path/Frameworks";
				"LD_RUNPATH_SEARCH_PATHS[sdk=macosx*]" = "@executable_path/../Frameworks";
				MACOSX_DEPLOYMENT_TARGET = 13.0;
				MARKETING_VERSION = 1.0;
				PRODUCT_BUNDLE_IDENTIFIER = com.shalomfriss.audioxtreme.AudioXtreme;
				PRODUCT_NAME = "$(TARGET_NAME)";
				SDKROOT = auto;
				SUPPORTED_PLATFORMS = "iphoneos iphonesimulator macosx";
				SUPPORTS_MACCATALYST = YES;
				SWIFT_EMIT_LOC_STRINGS = YES;
				SWIFT_VERSION = 5.0;
				TARGETED_DEVICE_FAMILY = "1,2";
			};
			name = Debug;
		};
		31048C4B2BE2DB9D00EDE049 /* Release */ = {
			isa = XCBuildConfiguration;
			buildSettings = {
				ASSETCATALOG_COMPILER_APPICON_NAME = AppIcon;
				ASSETCATALOG_COMPILER_GLOBAL_ACCENT_COLOR_NAME = AccentColor;
				CODE_SIGN_ENTITLEMENTS = AudioXtreme/AudioXtreme.entitlements;
				CODE_SIGN_STYLE = Automatic;
				CURRENT_PROJECT_VERSION = 1;
				DEVELOPMENT_ASSET_PATHS = "\"AudioXtreme/Preview Content\"";
				DEVELOPMENT_TEAM = FDXQ3T4Y24;
				ENABLE_HARDENED_RUNTIME = YES;
				ENABLE_PREVIEWS = YES;
				GENERATE_INFOPLIST_FILE = YES;
				"INFOPLIST_KEY_UIApplicationSceneManifest_Generation[sdk=iphoneos*]" = YES;
				"INFOPLIST_KEY_UIApplicationSceneManifest_Generation[sdk=iphonesimulator*]" = YES;
				"INFOPLIST_KEY_UIApplicationSupportsIndirectInputEvents[sdk=iphoneos*]" = YES;
				"INFOPLIST_KEY_UIApplicationSupportsIndirectInputEvents[sdk=iphonesimulator*]" = YES;
				"INFOPLIST_KEY_UILaunchScreen_Generation[sdk=iphoneos*]" = YES;
				"INFOPLIST_KEY_UILaunchScreen_Generation[sdk=iphonesimulator*]" = YES;
				"INFOPLIST_KEY_UIStatusBarStyle[sdk=iphoneos*]" = UIStatusBarStyleDefault;
				"INFOPLIST_KEY_UIStatusBarStyle[sdk=iphonesimulator*]" = UIStatusBarStyleDefault;
				INFOPLIST_KEY_UISupportedInterfaceOrientations_iPad = "UIInterfaceOrientationPortrait UIInterfaceOrientationPortraitUpsideDown UIInterfaceOrientationLandscapeLeft UIInterfaceOrientationLandscapeRight";
				INFOPLIST_KEY_UISupportedInterfaceOrientations_iPhone = "UIInterfaceOrientationPortrait UIInterfaceOrientationLandscapeLeft UIInterfaceOrientationLandscapeRight";
				IPHONEOS_DEPLOYMENT_TARGET = 17.0;
				LD_RUNPATH_SEARCH_PATHS = "@executable_path/Frameworks";
				"LD_RUNPATH_SEARCH_PATHS[sdk=macosx*]" = "@executable_path/../Frameworks";
				MACOSX_DEPLOYMENT_TARGET = 13.0;
				MARKETING_VERSION = 1.0;
				PRODUCT_BUNDLE_IDENTIFIER = com.shalomfriss.audioxtreme.AudioXtreme;
				PRODUCT_NAME = "$(TARGET_NAME)";
				SDKROOT = auto;
				SUPPORTED_PLATFORMS = "iphoneos iphonesimulator macosx";
				SUPPORTS_MACCATALYST = YES;
				SWIFT_EMIT_LOC_STRINGS = YES;
				SWIFT_VERSION = 5.0;
				TARGETED_DEVICE_FAMILY = "1,2";
			};
			name = Release;
		};
		31048C4D2BE2DB9D00EDE049 /* Debug */ = {
			isa = XCBuildConfiguration;
			buildSettings = {
				ALWAYS_EMBED_SWIFT_STANDARD_LIBRARIES = YES;
				BUNDLE_LOADER = "$(TEST_HOST)";
				CODE_SIGN_STYLE = Automatic;
				CURRENT_PROJECT_VERSION = 1;
				DEVELOPMENT_TEAM = FDXQ3T4Y24;
				GENERATE_INFOPLIST_FILE = YES;
				IPHONEOS_DEPLOYMENT_TARGET = 17.2;
				MACOSX_DEPLOYMENT_TARGET = 13.6;
				MARKETING_VERSION = 1.0;
				PRODUCT_BUNDLE_IDENTIFIER = com.shalomfriss.audioxtreme.AudioXtremeTests;
				PRODUCT_NAME = "$(TARGET_NAME)";
				SDKROOT = auto;
				SUPPORTED_PLATFORMS = "iphoneos iphonesimulator macosx";
				SWIFT_EMIT_LOC_STRINGS = NO;
				SWIFT_VERSION = 5.0;
				TARGETED_DEVICE_FAMILY = "1,2";
				TEST_HOST = "$(BUILT_PRODUCTS_DIR)/AudioXtreme.app/$(BUNDLE_EXECUTABLE_FOLDER_PATH)/AudioXtreme";
			};
			name = Debug;
		};
		31048C4E2BE2DB9D00EDE049 /* Release */ = {
			isa = XCBuildConfiguration;
			buildSettings = {
				ALWAYS_EMBED_SWIFT_STANDARD_LIBRARIES = YES;
				BUNDLE_LOADER = "$(TEST_HOST)";
				CODE_SIGN_STYLE = Automatic;
				CURRENT_PROJECT_VERSION = 1;
				DEVELOPMENT_TEAM = FDXQ3T4Y24;
				GENERATE_INFOPLIST_FILE = YES;
				IPHONEOS_DEPLOYMENT_TARGET = 17.2;
				MACOSX_DEPLOYMENT_TARGET = 13.6;
				MARKETING_VERSION = 1.0;
				PRODUCT_BUNDLE_IDENTIFIER = com.shalomfriss.audioxtreme.AudioXtremeTests;
				PRODUCT_NAME = "$(TARGET_NAME)";
				SDKROOT = auto;
				SUPPORTED_PLATFORMS = "iphoneos iphonesimulator macosx";
				SWIFT_EMIT_LOC_STRINGS = NO;
				SWIFT_VERSION = 5.0;
				TARGETED_DEVICE_FAMILY = "1,2";
				TEST_HOST = "$(BUILT_PRODUCTS_DIR)/AudioXtreme.app/$(BUNDLE_EXECUTABLE_FOLDER_PATH)/AudioXtreme";
			};
			name = Release;
		};
		31048C502BE2DB9D00EDE049 /* Debug */ = {
			isa = XCBuildConfiguration;
			buildSettings = {
				ALWAYS_EMBED_SWIFT_STANDARD_LIBRARIES = YES;
				CODE_SIGN_STYLE = Automatic;
				CURRENT_PROJECT_VERSION = 1;
				DEVELOPMENT_TEAM = FDXQ3T4Y24;
				GENERATE_INFOPLIST_FILE = YES;
				IPHONEOS_DEPLOYMENT_TARGET = 17.2;
				MACOSX_DEPLOYMENT_TARGET = 13.6;
				MARKETING_VERSION = 1.0;
				PRODUCT_BUNDLE_IDENTIFIER = com.shalomfriss.audioxtreme.AudioXtremeUITests;
				PRODUCT_NAME = "$(TARGET_NAME)";
				SDKROOT = auto;
				SUPPORTED_PLATFORMS = "iphoneos iphonesimulator macosx";
				SWIFT_EMIT_LOC_STRINGS = NO;
				SWIFT_VERSION = 5.0;
				TARGETED_DEVICE_FAMILY = "1,2";
				TEST_TARGET_NAME = AudioXtreme;
			};
			name = Debug;
		};
		31048C512BE2DB9D00EDE049 /* Release */ = {
			isa = XCBuildConfiguration;
			buildSettings = {
				ALWAYS_EMBED_SWIFT_STANDARD_LIBRARIES = YES;
				CODE_SIGN_STYLE = Automatic;
				CURRENT_PROJECT_VERSION = 1;
				DEVELOPMENT_TEAM = FDXQ3T4Y24;
				GENERATE_INFOPLIST_FILE = YES;
				IPHONEOS_DEPLOYMENT_TARGET = 17.2;
				MACOSX_DEPLOYMENT_TARGET = 13.6;
				MARKETING_VERSION = 1.0;
				PRODUCT_BUNDLE_IDENTIFIER = com.shalomfriss.audioxtreme.AudioXtremeUITests;
				PRODUCT_NAME = "$(TARGET_NAME)";
				SDKROOT = auto;
				SUPPORTED_PLATFORMS = "iphoneos iphonesimulator macosx";
				SWIFT_EMIT_LOC_STRINGS = NO;
				SWIFT_VERSION = 5.0;
				TARGETED_DEVICE_FAMILY = "1,2";
				TEST_TARGET_NAME = AudioXtreme;
			};
			name = Release;
		};
/* End XCBuildConfiguration section */

/* Begin XCConfigurationList section */
		31048C1D2BE2DB9B00EDE049 /* Build configuration list for PBXProject "AudioXtreme" */ = {
			isa = XCConfigurationList;
			buildConfigurations = (
				31048C472BE2DB9D00EDE049 /* Debug */,
				31048C482BE2DB9D00EDE049 /* Release */,
			);
			defaultConfigurationIsVisible = 0;
			defaultConfigurationName = Release;
		};
		31048C492BE2DB9D00EDE049 /* Build configuration list for PBXNativeTarget "AudioXtreme" */ = {
			isa = XCConfigurationList;
			buildConfigurations = (
				31048C4A2BE2DB9D00EDE049 /* Debug */,
				31048C4B2BE2DB9D00EDE049 /* Release */,
			);
			defaultConfigurationIsVisible = 0;
			defaultConfigurationName = Release;
		};
		31048C4C2BE2DB9D00EDE049 /* Build configuration list for PBXNativeTarget "AudioXtremeTests" */ = {
			isa = XCConfigurationList;
			buildConfigurations = (
				31048C4D2BE2DB9D00EDE049 /* Debug */,
				31048C4E2BE2DB9D00EDE049 /* Release */,
			);
			defaultConfigurationIsVisible = 0;
			defaultConfigurationName = Release;
		};
		31048C4F2BE2DB9D00EDE049 /* Build configuration list for PBXNativeTarget "AudioXtremeUITests" */ = {
			isa = XCConfigurationList;
			buildConfigurations = (
				31048C502BE2DB9D00EDE049 /* Debug */,
				31048C512BE2DB9D00EDE049 /* Release */,
			);
			defaultConfigurationIsVisible = 0;
			defaultConfigurationName = Release;
		};
/* End XCConfigurationList section */

/* Begin XCRemoteSwiftPackageReference section */
		31048C522BE2DCAF00EDE049 /* XCRemoteSwiftPackageReference "AudioKit" */ = {
			isa = XCRemoteSwiftPackageReference;
			repositoryURL = "https://github.com/AudioKit/AudioKit.git";
			requirement = {
				kind = upToNextMajorVersion;
				minimumVersion = 5.6.4;
			};
		};
		31048C552BE2DCBC00EDE049 /* XCRemoteSwiftPackageReference "Flow" */ = {
			isa = XCRemoteSwiftPackageReference;
			repositoryURL = "https://github.com/AudioKit/Flow.git";
			requirement = {
				kind = upToNextMajorVersion;
				minimumVersion = 1.0.4;
			};
		};
/* End XCRemoteSwiftPackageReference section */

/* Begin XCSwiftPackageProductDependency section */
		31048C532BE2DCAF00EDE049 /* AudioKit */ = {
			isa = XCSwiftPackageProductDependency;
			package = 31048C522BE2DCAF00EDE049 /* XCRemoteSwiftPackageReference "AudioKit" */;
			productName = AudioKit;
		};
		31048C562BE2DCBC00EDE049 /* Flow */ = {
			isa = XCSwiftPackageProductDependency;
			package = 31048C552BE2DCBC00EDE049 /* XCRemoteSwiftPackageReference "Flow" */;
			productName = Flow;
		};
/* End XCSwiftPackageProductDependency section */
	};
	rootObject = 31048C1A2BE2DB9B00EDE049 /* Project object */;
}
